
Microsoft Visual Studio Solution File, Format Version 12.00
# Visual Studio Version 17
VisualStudioVersion = 17.13.35806.99
MinimumVisualStudioVersion = 10.0.40219.1
Project("{FAE04EC0-301F-11D3-BF4B-00C04F79EFBC}") = "GabayForGood.DataModel", "GabayForGood\GabayForGood.DataModel.csproj", "{CFBFBDA7-0B13-476C-B3BC-7DF609EE5831}"
EndProject
Project("{FAE04EC0-301F-11D3-BF4B-00C04F79EFBC}") = "GabayForGood.WebApp", "GabayForGood.WebApp\GabayForGood.WebApp.csproj", "{128FD0E4-6CB0-4CA1-B273-154B51657AD3}"
EndProject
Global
	GlobalSection(SolutionConfigurationPlatforms) = preSolution
		Debug|Any CPU = Debug|Any CPU
		Release|Any CPU = Release|Any CPU
	EndGlobalSection
	GlobalSection(ProjectConfigurationPlatforms) = postSolution
		{CFBFBDA7-0B13-476C-B3BC-7DF609EE5831}.Debug|Any CPU.ActiveCfg = Debug|Any CPU
		{CFBFBDA7-0B13-476C-B3BC-7DF609EE5831}.Debug|Any CPU.Build.0 = Debug|Any CPU
		{CFBFBDA7-0B13-476C-B3BC-7DF609EE5831}.Release|Any CPU.ActiveCfg = Release|Any CPU
		{CFBFBDA7-0B13-476C-B3BC-7DF609EE5831}.Release|Any CPU.Build.0 = Release|Any CPU
		{128FD0E4-6CB0-4CA1-B273-154B51657AD3}.Debug|Any CPU.ActiveCfg = Debug|Any CPU
		{128FD0E4-6CB0-4CA1-B273-154B51657AD3}.Debug|Any CPU.Build.0 = Debug|Any CPU
		{128FD0E4-6CB0-4CA1-B273-154B51657AD3}.Release|Any CPU.ActiveCfg = Release|Any CPU
		{128FD0E4-6CB0-4CA1-B273-154B51657AD3}.Release|Any CPU.Build.0 = Release|Any CPU
	EndGlobalSection
	GlobalSection(SolutionProperties) = preSolution
		HideSolutionNode = FALSE
	EndGlobalSection
	GlobalSection(ExtensibilityGlobals) = postSolution
		SolutionGuid = {A336231B-091B-490B-B4D7-D2DC3B962934}
	EndGlobalSection
EndGlobal
